
Microsoft Visual Studio Solution File, Format Version 11.00
# Visual Studio 2010
Project("{8BC9CEB8-8B4A-11D0-8D11-00A0C91BC942}") = "gSLIC", "gSLIC\gSLIC.vcxproj", "{E6FC14F5-6416-4851-BC1F-3912D14B1DB0}"
EndProject
Project("{8BC9CEB8-8B4A-11D0-8D11-00A0C91BC942}") = "QtCvImageWidget", "QtCvImageWidget\QtCvImageWidget.vcxproj", "{A30177D0-FCCC-439E-8A3D-AF561212B814}"
	ProjectSection(ProjectDependencies) = postProject
		{127F2BB2-077C-45E5-A582-A3E305F5E388} = {127F2BB2-077C-45E5-A582-A3E305F5E388}
	EndProjectSection
EndProject
Project("{8BC9CEB8-8B4A-11D0-8D11-00A0C91BC942}") = "QtTADD", "QtTADD\QtTADD.vcxproj", "{B402D06F-E270-499F-95EF-B8109AAE95E3}"
	ProjectSection(ProjectDependencies) = postProject
		{DE40CC2D-6F7B-4A42-8293-DB60F71546EB} = {DE40CC2D-6F7B-4A42-8293-DB60F71546EB}
		{3FD61041-304A-45FB-AD78-2D49BCE4A53A} = {3FD61041-304A-45FB-AD78-2D49BCE4A53A}
		{127F2BB2-077C-45E5-A582-A3E305F5E388} = {127F2BB2-077C-45E5-A582-A3E305F5E388}
		{A30177D0-FCCC-439E-8A3D-AF561212B814} = {A30177D0-FCCC-439E-8A3D-AF561212B814}
		{310413DC-00C6-4F51-9394-40F5F72CD94C} = {310413DC-00C6-4F51-9394-40F5F72CD94C}
	EndProjectSection
EndProject
Project("{8BC9CEB8-8B4A-11D0-8D11-00A0C91BC942}") = "CvFlyCapture", "CvFlyCapture\CvFlyCapture.vcxproj", "{46AD02D5-D1F0-478B-9B9C-63600B3C1BBE}"
EndProject
Project("{8BC9CEB8-8B4A-11D0-8D11-00A0C91BC942}") = "CvCapture", "CvCapture\CvCapture.vcxproj", "{7B489751-626B-4593-B52E-4C24A3D93A53}"
EndProject
Project("{8BC9CEB8-8B4A-11D0-8D11-00A0C91BC942}") = "CvCamera", "CvCamera\CvCamera.vcxproj", "{127F2BB2-077C-45E5-A582-A3E305F5E388}"
	ProjectSection(ProjectDependencies) = postProject
		{7B489751-626B-4593-B52E-4C24A3D93A53} = {7B489751-626B-4593-B52E-4C24A3D93A53}
		{46AD02D5-D1F0-478B-9B9C-63600B3C1BBE} = {46AD02D5-D1F0-478B-9B9C-63600B3C1BBE}
	EndProjectSection
EndProject
Project("{8BC9CEB8-8B4A-11D0-8D11-00A0C91BC942}") = "TADDengine", "TADDengine\TADDengine.vcxproj", "{310413DC-00C6-4F51-9394-40F5F72CD94C}"
	ProjectSection(ProjectDependencies) = postProject
		{DE40CC2D-6F7B-4A42-8293-DB60F71546EB} = {DE40CC2D-6F7B-4A42-8293-DB60F71546EB}
		{127F2BB2-077C-45E5-A582-A3E305F5E388} = {127F2BB2-077C-45E5-A582-A3E305F5E388}
		{A30177D0-FCCC-439E-8A3D-AF561212B814} = {A30177D0-FCCC-439E-8A3D-AF561212B814}
		{E6FC14F5-6416-4851-BC1F-3912D14B1DB0} = {E6FC14F5-6416-4851-BC1F-3912D14B1DB0}
	EndProjectSection
EndProject
Project("{8BC9CEB8-8B4A-11D0-8D11-00A0C91BC942}") = "QtCvOverlayWidget", "QtCvOverlayWidget\QtCvOverlayWidget.vcxproj", "{DE40CC2D-6F7B-4A42-8293-DB60F71546EB}"
	ProjectSection(ProjectDependencies) = postProject
		{A30177D0-FCCC-439E-8A3D-AF561212B814} = {A30177D0-FCCC-439E-8A3D-AF561212B814}
	EndProjectSection
EndProject
Project("{8BC9CEB8-8B4A-11D0-8D11-00A0C91BC942}") = "CvCooccurrence", "CvCooccurrence\CvCooccurrence.vcxproj", "{3EFE69D1-032B-413E-A4A1-41EA18D87F4C}"
EndProject
Project("{8BC9CEB8-8B4A-11D0-8D11-00A0C91BC942}") = "multiAdaboost", "multiAdaboost\multiAdaboost.vcxproj", "{58242E49-493B-4186-868B-D0E998F32536}"
EndProject
Project("{8BC9CEB8-8B4A-11D0-8D11-00A0C91BC942}") = "CvAviCapture", "CvAviCapture\CvAviCapture.vcxproj", "{3FD61041-304A-45FB-AD78-2D49BCE4A53A}"
EndProject
Project("{8BC9CEB8-8B4A-11D0-8D11-00A0C91BC942}") = "BackgroundSeg", "BackgroundSeg\BackgroundSeg.vcxproj", "{7C6CDE7B-99BE-4678-8AEE-74F8725964A0}"
EndProject
Project("{8BC9CEB8-8B4A-11D0-8D11-00A0C91BC942}") = "videoInput", "videoInput\videoInput.vcxproj", "{B2B5564F-8D88-43FF-83F5-6DABF37310C9}"
EndProject
Project("{8BC9CEB8-8B4A-11D0-8D11-00A0C91BC942}") = "EdsCapture", "EdsCapture\EdsCapture.vcxproj", "{304E98AF-0A00-41B0-BFF7-C52C61081FA6}"
EndProject
Project("{8BC9CEB8-8B4A-11D0-8D11-00A0C91BC942}") = "FolderCam", "FolderCam\FolderCam.vcxproj", "{63DBE556-50FF-46AA-A783-8A13299422B5}"
EndProject
Project("{8BC9CEB8-8B4A-11D0-8D11-00A0C91BC942}") = "cSLIC", "cSLIC\cSLIC.vcxproj", "{3A2E9E6C-571C-4ADA-BD26-B04779E2F01D}"
EndProject
Global
	GlobalSection(SolutionConfigurationPlatforms) = preSolution
		Debug|Win32 = Debug|Win32
		Debug|x64 = Debug|x64
		Release|Win32 = Release|Win32
		Release|x64 = Release|x64
	EndGlobalSection
	GlobalSection(ProjectConfigurationPlatforms) = postSolution
		{E6FC14F5-6416-4851-BC1F-3912D14B1DB0}.Debug|Win32.ActiveCfg = Debug|Win32
		{E6FC14F5-6416-4851-BC1F-3912D14B1DB0}.Debug|Win32.Build.0 = Debug|Win32
		{E6FC14F5-6416-4851-BC1F-3912D14B1DB0}.Debug|x64.ActiveCfg = Debug|x64
		{E6FC14F5-6416-4851-BC1F-3912D14B1DB0}.Debug|x64.Build.0 = Debug|x64
		{E6FC14F5-6416-4851-BC1F-3912D14B1DB0}.Release|Win32.ActiveCfg = Release|Win32
		{E6FC14F5-6416-4851-BC1F-3912D14B1DB0}.Release|Win32.Build.0 = Release|Win32
		{E6FC14F5-6416-4851-BC1F-3912D14B1DB0}.Release|x64.ActiveCfg = Release|x64
		{E6FC14F5-6416-4851-BC1F-3912D14B1DB0}.Release|x64.Build.0 = Release|x64
		{A30177D0-FCCC-439E-8A3D-AF561212B814}.Debug|Win32.ActiveCfg = Debug|Win32
		{A30177D0-FCCC-439E-8A3D-AF561212B814}.Debug|Win32.Build.0 = Debug|Win32
		{A30177D0-FCCC-439E-8A3D-AF561212B814}.Debug|x64.ActiveCfg = Debug|x64
		{A30177D0-FCCC-439E-8A3D-AF561212B814}.Debug|x64.Build.0 = Debug|x64
		{A30177D0-FCCC-439E-8A3D-AF561212B814}.Release|Win32.ActiveCfg = Release|Win32
		{A30177D0-FCCC-439E-8A3D-AF561212B814}.Release|Win32.Build.0 = Release|Win32
		{A30177D0-FCCC-439E-8A3D-AF561212B814}.Release|x64.ActiveCfg = Release|x64
		{A30177D0-FCCC-439E-8A3D-AF561212B814}.Release|x64.Build.0 = Release|x64
		{B402D06F-E270-499F-95EF-B8109AAE95E3}.Debug|Win32.ActiveCfg = Debug|Win32
		{B402D06F-E270-499F-95EF-B8109AAE95E3}.Debug|Win32.Build.0 = Debug|Win32
		{B402D06F-E270-499F-95EF-B8109AAE95E3}.Debug|x64.ActiveCfg = Debug|x64
		{B402D06F-E270-499F-95EF-B8109AAE95E3}.Debug|x64.Build.0 = Debug|x64
		{B402D06F-E270-499F-95EF-B8109AAE95E3}.Release|Win32.ActiveCfg = Release|Win32
		{B402D06F-E270-499F-95EF-B8109AAE95E3}.Release|Win32.Build.0 = Release|Win32
		{B402D06F-E270-499F-95EF-B8109AAE95E3}.Release|x64.ActiveCfg = Release|x64
		{B402D06F-E270-499F-95EF-B8109AAE95E3}.Release|x64.Build.0 = Release|x64
		{46AD02D5-D1F0-478B-9B9C-63600B3C1BBE}.Debug|Win32.ActiveCfg = Debug|Win32
		{46AD02D5-D1F0-478B-9B9C-63600B3C1BBE}.Debug|Win32.Build.0 = Debug|Win32
		{46AD02D5-D1F0-478B-9B9C-63600B3C1BBE}.Debug|x64.ActiveCfg = Debug|x64
		{46AD02D5-D1F0-478B-9B9C-63600B3C1BBE}.Debug|x64.Build.0 = Debug|x64
		{46AD02D5-D1F0-478B-9B9C-63600B3C1BBE}.Release|Win32.ActiveCfg = Release|Win32
		{46AD02D5-D1F0-478B-9B9C-63600B3C1BBE}.Release|Win32.Build.0 = Release|Win32
		{46AD02D5-D1F0-478B-9B9C-63600B3C1BBE}.Release|x64.ActiveCfg = Release|x64
		{46AD02D5-D1F0-478B-9B9C-63600B3C1BBE}.Release|x64.Build.0 = Release|x64
		{7B489751-626B-4593-B52E-4C24A3D93A53}.Debug|Win32.ActiveCfg = Debug|Win32
		{7B489751-626B-4593-B52E-4C24A3D93A53}.Debug|Win32.Build.0 = Debug|Win32
		{7B489751-626B-4593-B52E-4C24A3D93A53}.Debug|x64.ActiveCfg = Debug|x64
		{7B489751-626B-4593-B52E-4C24A3D93A53}.Debug|x64.Build.0 = Debug|x64
		{7B489751-626B-4593-B52E-4C24A3D93A53}.Release|Win32.ActiveCfg = Release|Win32
		{7B489751-626B-4593-B52E-4C24A3D93A53}.Release|Win32.Build.0 = Release|Win32
		{7B489751-626B-4593-B52E-4C24A3D93A53}.Release|x64.ActiveCfg = Release|x64
		{7B489751-626B-4593-B52E-4C24A3D93A53}.Release|x64.Build.0 = Release|x64
		{127F2BB2-077C-45E5-A582-A3E305F5E388}.Debug|Win32.ActiveCfg = Debug|Win32
		{127F2BB2-077C-45E5-A582-A3E305F5E388}.Debug|Win32.Build.0 = Debug|Win32
		{127F2BB2-077C-45E5-A582-A3E305F5E388}.Debug|x64.ActiveCfg = Debug|x64
		{127F2BB2-077C-45E5-A582-A3E305F5E388}.Debug|x64.Build.0 = Debug|x64
		{127F2BB2-077C-45E5-A582-A3E305F5E388}.Release|Win32.ActiveCfg = Release|Win32
		{127F2BB2-077C-45E5-A582-A3E305F5E388}.Release|Win32.Build.0 = Release|Win32
		{127F2BB2-077C-45E5-A582-A3E305F5E388}.Release|x64.ActiveCfg = Release|x64
		{127F2BB2-077C-45E5-A582-A3E305F5E388}.Release|x64.Build.0 = Release|x64
		{310413DC-00C6-4F51-9394-40F5F72CD94C}.Debug|Win32.ActiveCfg = Debug|Win32
		{310413DC-00C6-4F51-9394-40F5F72CD94C}.Debug|Win32.Build.0 = Debug|Win32
		{310413DC-00C6-4F51-9394-40F5F72CD94C}.Debug|x64.ActiveCfg = Debug|x64
		{310413DC-00C6-4F51-9394-40F5F72CD94C}.Debug|x64.Build.0 = Debug|x64
		{310413DC-00C6-4F51-9394-40F5F72CD94C}.Release|Win32.ActiveCfg = Release|Win32
		{310413DC-00C6-4F51-9394-40F5F72CD94C}.Release|Win32.Build.0 = Release|Win32
		{310413DC-00C6-4F51-9394-40F5F72CD94C}.Release|x64.ActiveCfg = Release|x64
		{310413DC-00C6-4F51-9394-40F5F72CD94C}.Release|x64.Build.0 = Release|x64
		{DE40CC2D-6F7B-4A42-8293-DB60F71546EB}.Debug|Win32.ActiveCfg = Debug|Win32
		{DE40CC2D-6F7B-4A42-8293-DB60F71546EB}.Debug|Win32.Build.0 = Debug|Win32
		{DE40CC2D-6F7B-4A42-8293-DB60F71546EB}.Debug|x64.ActiveCfg = Debug|x64
		{DE40CC2D-6F7B-4A42-8293-DB60F71546EB}.Debug|x64.Build.0 = Debug|x64
		{DE40CC2D-6F7B-4A42-8293-DB60F71546EB}.Release|Win32.ActiveCfg = Release|Win32
		{DE40CC2D-6F7B-4A42-8293-DB60F71546EB}.Release|Win32.Build.0 = Release|Win32
		{DE40CC2D-6F7B-4A42-8293-DB60F71546EB}.Release|x64.ActiveCfg = Release|x64
		{DE40CC2D-6F7B-4A42-8293-DB60F71546EB}.Release|x64.Build.0 = Release|x64
		{3EFE69D1-032B-413E-A4A1-41EA18D87F4C}.Debug|Win32.ActiveCfg = Debug|Win32
		{3EFE69D1-032B-413E-A4A1-41EA18D87F4C}.Debug|x64.ActiveCfg = Debug|x64
		{3EFE69D1-032B-413E-A4A1-41EA18D87F4C}.Release|Win32.ActiveCfg = Release|Win32
		{3EFE69D1-032B-413E-A4A1-41EA18D87F4C}.Release|x64.ActiveCfg = Release|x64
		{58242E49-493B-4186-868B-D0E998F32536}.Debug|Win32.ActiveCfg = Debug|Win32
		{58242E49-493B-4186-868B-D0E998F32536}.Debug|Win32.Build.0 = Debug|Win32
		{58242E49-493B-4186-868B-D0E998F32536}.Debug|x64.ActiveCfg = Debug|x64
		{58242E49-493B-4186-868B-D0E998F32536}.Debug|x64.Build.0 = Debug|x64
		{58242E49-493B-4186-868B-D0E998F32536}.Release|Win32.ActiveCfg = Release|Win32
		{58242E49-493B-4186-868B-D0E998F32536}.Release|Win32.Build.0 = Release|Win32
		{58242E49-493B-4186-868B-D0E998F32536}.Release|x64.ActiveCfg = Release|x64
		{58242E49-493B-4186-868B-D0E998F32536}.Release|x64.Build.0 = Release|x64
		{3FD61041-304A-45FB-AD78-2D49BCE4A53A}.Debug|Win32.ActiveCfg = Debug|Win32
		{3FD61041-304A-45FB-AD78-2D49BCE4A53A}.Debug|Win32.Build.0 = Debug|Win32
		{3FD61041-304A-45FB-AD78-2D49BCE4A53A}.Debug|x64.ActiveCfg = Debug|x64
		{3FD61041-304A-45FB-AD78-2D49BCE4A53A}.Debug|x64.Build.0 = Debug|x64
		{3FD61041-304A-45FB-AD78-2D49BCE4A53A}.Release|Win32.ActiveCfg = Release|Win32
		{3FD61041-304A-45FB-AD78-2D49BCE4A53A}.Release|Win32.Build.0 = Release|Win32
		{3FD61041-304A-45FB-AD78-2D49BCE4A53A}.Release|x64.ActiveCfg = Release|x64
		{3FD61041-304A-45FB-AD78-2D49BCE4A53A}.Release|x64.Build.0 = Release|x64
		{7C6CDE7B-99BE-4678-8AEE-74F8725964A0}.Debug|Win32.ActiveCfg = Debug|Win32
		{7C6CDE7B-99BE-4678-8AEE-74F8725964A0}.Debug|Win32.Build.0 = Debug|Win32
		{7C6CDE7B-99BE-4678-8AEE-74F8725964A0}.Debug|x64.ActiveCfg = Debug|x64
		{7C6CDE7B-99BE-4678-8AEE-74F8725964A0}.Debug|x64.Build.0 = Debug|x64
		{7C6CDE7B-99BE-4678-8AEE-74F8725964A0}.Release|Win32.ActiveCfg = Release|Win32
		{7C6CDE7B-99BE-4678-8AEE-74F8725964A0}.Release|Win32.Build.0 = Release|Win32
		{7C6CDE7B-99BE-4678-8AEE-74F8725964A0}.Release|x64.ActiveCfg = Release|x64
		{7C6CDE7B-99BE-4678-8AEE-74F8725964A0}.Release|x64.Build.0 = Release|x64
		{B2B5564F-8D88-43FF-83F5-6DABF37310C9}.Debug|Win32.ActiveCfg = Debug|Win32
		{B2B5564F-8D88-43FF-83F5-6DABF37310C9}.Debug|Win32.Build.0 = Debug|Win32
		{B2B5564F-8D88-43FF-83F5-6DABF37310C9}.Debug|x64.ActiveCfg = Debug|x64
		{B2B5564F-8D88-43FF-83F5-6DABF37310C9}.Debug|x64.Build.0 = Debug|x64
		{B2B5564F-8D88-43FF-83F5-6DABF37310C9}.Release|Win32.ActiveCfg = Release|Win32
		{B2B5564F-8D88-43FF-83F5-6DABF37310C9}.Release|Win32.Build.0 = Release|Win32
		{B2B5564F-8D88-43FF-83F5-6DABF37310C9}.Release|x64.ActiveCfg = Release|x64
		{B2B5564F-8D88-43FF-83F5-6DABF37310C9}.Release|x64.Build.0 = Release|x64
		{304E98AF-0A00-41B0-BFF7-C52C61081FA6}.Debug|Win32.ActiveCfg = Debug|Win32
		{304E98AF-0A00-41B0-BFF7-C52C61081FA6}.Debug|Win32.Build.0 = Debug|Win32
		{304E98AF-0A00-41B0-BFF7-C52C61081FA6}.Debug|x64.ActiveCfg = Debug|Win32
		{304E98AF-0A00-41B0-BFF7-C52C61081FA6}.Release|Win32.ActiveCfg = Release|Win32
		{304E98AF-0A00-41B0-BFF7-C52C61081FA6}.Release|Win32.Build.0 = Release|Win32
		{304E98AF-0A00-41B0-BFF7-C52C61081FA6}.Release|x64.ActiveCfg = Release|Win32
		{63DBE556-50FF-46AA-A783-8A13299422B5}.Debug|Win32.ActiveCfg = Debug|Win32
		{63DBE556-50FF-46AA-A783-8A13299422B5}.Debug|Win32.Build.0 = Debug|Win32
		{63DBE556-50FF-46AA-A783-8A13299422B5}.Debug|x64.ActiveCfg = Debug|Win32
		{63DBE556-50FF-46AA-A783-8A13299422B5}.Release|Win32.ActiveCfg = Release|Win32
		{63DBE556-50FF-46AA-A783-8A13299422B5}.Release|Win32.Build.0 = Release|Win32
		{63DBE556-50FF-46AA-A783-8A13299422B5}.Release|x64.ActiveCfg = Release|Win32
		{3A2E9E6C-571C-4ADA-BD26-B04779E2F01D}.Debug|Win32.ActiveCfg = Debug|Win32
		{3A2E9E6C-571C-4ADA-BD26-B04779E2F01D}.Debug|Win32.Build.0 = Debug|Win32
		{3A2E9E6C-571C-4ADA-BD26-B04779E2F01D}.Debug|x64.ActiveCfg = Debug|x64
		{3A2E9E6C-571C-4ADA-BD26-B04779E2F01D}.Debug|x64.Build.0 = Debug|x64
		{3A2E9E6C-571C-4ADA-BD26-B04779E2F01D}.Release|Win32.ActiveCfg = Release|Win32
		{3A2E9E6C-571C-4ADA-BD26-B04779E2F01D}.Release|Win32.Build.0 = Release|Win32
		{3A2E9E6C-571C-4ADA-BD26-B04779E2F01D}.Release|x64.ActiveCfg = Release|x64
		{3A2E9E6C-571C-4ADA-BD26-B04779E2F01D}.Release|x64.Build.0 = Release|x64
	EndGlobalSection
	GlobalSection(SolutionProperties) = preSolution
		HideSolutionNode = FALSE
	EndGlobalSection
	GlobalSection(ExtensibilityGlobals) = postSolution
		QtVersion = 4.7.3x86_Intel
	EndGlobalSection
EndGlobal
