<?xml version="1.0" encoding="utf-8"?>
<Project ToolsVersion="4.0" xmlns="http://schemas.microsoft.com/developer/msbuild/2003">
  <ItemGroup>
    <Filter Include="Generated Files">
      <UniqueIdentifier>{71ED8ED8-ACB9-4CE9-BBE1-E00B30144E11}</UniqueIdentifier>
      <Extensions>moc;h;cpp</Extensions>
      <SourceControlFiles>False</SourceControlFiles>
    </Filter>
    <Filter Include="Generated Files\Debug">
      <UniqueIdentifier>{bae5d6e4-4b46-4bf0-8d41-8acd1151d207}</UniqueIdentifier>
      <Extensions>cpp;moc</Extensions>
      <SourceControlFiles>False</SourceControlFiles>
    </Filter>
    <Filter Include="Generated Files\Release">
      <UniqueIdentifier>{b1c5e3bc-4f83-4791-a0f8-610b7e7fb415}</UniqueIdentifier>
      <Extensions>cpp;moc</Extensions>
      <SourceControlFiles>False</SourceControlFiles>
    </Filter>
    <Filter Include="Generated Files\Designer">
      <UniqueIdentifier>{da72c517-c76e-416a-8ed2-61615010d740}</UniqueIdentifier>
    </Filter>
    <Filter Include="Image Widget">
      <UniqueIdentifier>{4146d31c-515d-4dd1-8682-a2d92d353930}</UniqueIdentifier>
    </Filter>
    <Filter Include="Image Widget\Header Files">
      <UniqueIdentifier>{93995380-89BD-4b04-88EB-625FBE52EBFB}</UniqueIdentifier>
      <Extensions>h</Extensions>
    </Filter>
    <Filter Include="Image Widget\Source Files">
      <UniqueIdentifier>{4FC737F1-C7A5-4376-A066-2A32D752A2FF}</UniqueIdentifier>
      <Extensions>cpp;cxx;c;def</Extensions>
    </Filter>
    <Filter Include="Image Widget\Widget Files">
      <UniqueIdentifier>{9434191c-185d-45fe-9e5d-b901ae484cf3}</UniqueIdentifier>
    </Filter>
  </ItemGroup>
  <ItemGroup>
    <ClCompile Include="CvImageWidget.cpp">
      <Filter>Image Widget\Source Files</Filter>
    </ClCompile>
    <ClCompile Include="GeneratedFiles\Debug\moc_CvImageWidget.cpp">
      <Filter>Generated Files\Debug</Filter>
    </ClCompile>
    <ClCompile Include="GeneratedFiles\Release\moc_CvImageWidget.cpp">
      <Filter>Generated Files\Release</Filter>
    </ClCompile>
    <ClCompile Include="GeneratedFiles\Debug\moc_CvImageWidgetPlugin.cpp">
      <Filter>Generated Files\Debug</Filter>
    </ClCompile>
    <ClCompile Include="GeneratedFiles\Release\moc_CvImageWidgetPlugin.cpp">
      <Filter>Generated Files\Release</Filter>
    </ClCompile>
    <ClCompile Include="CvImageWidgetPlugin.cpp">
      <Filter>Generated Files\Designer</Filter>
    </ClCompile>
  </ItemGroup>
  <ItemGroup>
    <CustomBuild Include="CvImageWidget.h">
      <Filter>Image Widget\Header Files</Filter>
    </CustomBuild>
    <CustomBuild Include="CvImageWidgetPlugin.h">
      <Filter>Generated Files\Designer</Filter>
    </CustomBuild>
    <CustomBuild Include="CvImageUI.ui">
      <Filter>Image Widget\Widget Files</Filter>
    </CustomBuild>
  </ItemGroup>
  <ItemGroup>
    <ClInclude Include="GeneratedFiles\ui_CvImageUI.h">
      <Filter>Generated Files</Filter>
    </ClInclude>
  </ItemGroup>
</Project>